
Microsoft Visual Studio Solution File, Format Version 12.00
# Visual Studio Version 16
VisualStudioVersion = 16.0.31515.178
MinimumVisualStudioVersion = 10.0.40219.1
Project("{9A19103F-16F7-4668-BE54-9A1E7A4F7556}") = "MateTest2", "MateTest2.csproj", "{7C05F886-0EAC-4DC8-B7F0-FB4FA5ED8233}"
EndProject
Global
	GlobalSection(SolutionConfigurationPlatforms) = preSolution
		Debug|Any CPU = Debug|Any CPU
		Release|Any CPU = Release|Any CPU
	EndGlobalSection
	GlobalSection(ProjectConfigurationPlatforms) = postSolution
		{7C05F886-0EAC-4DC8-B7F0-FB4FA5ED8233}.Debug|Any CPU.ActiveCfg = Debug|Any CPU
		{7C05F886-0EAC-4DC8-B7F0-FB4FA5ED8233}.Debug|Any CPU.Build.0 = Debug|Any CPU
		{7C05F886-0EAC-4DC8-B7F0-FB4FA5ED8233}.Release|Any CPU.ActiveCfg = Release|Any CPU
		{7C05F886-0EAC-4DC8-B7F0-FB4FA5ED8233}.Release|Any CPU.Build.0 = Release|Any CPU
	EndGlobalSection
	GlobalSection(SolutionProperties) = preSolution
		HideSolutionNode = FALSE
	EndGlobalSection
	GlobalSection(ExtensibilityGlobals) = postSolution
		SolutionGuid = {80A8CF0B-2827-4C80-87D4-CC4358B6FEFB}
	EndGlobalSection
EndGlobal
